{
  "name": "bb-plugin-prime-agent-acp",
  "version": "0.1.5",
  "lockfileVersion": 3,
  "requires": true,
  "packages": {
    "": {
      "name": "bb-plugin-prime-agent-acp",
      "version": "0.1.5",
      "license": "MIT",
      "dependencies": {
        "@get-bb/plugin-sdk": "^0.4.45",
        "zod": "^4.3.6"
      },
      "devDependencies": {
        "@types/node": "^22.0.0",
        "typescript": "^5.7.0"
      },
      "engines": {
        "bb": ">=0.40",
        "bbPluginSdk": ">=0.4.21"
      }
    },
    "node_modules/@get-bb/plugin-sdk": {
      "version": "0.4.45",
      "resolved": "https://registry.npmjs.org/@get-bb/plugin-sdk/-/plugin-sdk-0.4.45.tgz",
      "integrity": "sha512-sGR3gbvQzk6mXQ50yF63Muh1R8FIaI9kb/fHCHjnOyTBfCybY3OvQzkKcUgSp66ZF1Tpal9sSXycwwl9VsMu8A==",
      "peerDependencies": {
        "@testing-library/react": "^16.3.2",
        "@types/better-sqlite3": "^7.6.12",
        "@types/react": "^19.0.0",
        "better-sqlite3": ">=12",
        "cron-parser": "^5.5.0",
        "hono": "^4.11.9",
        "react": "^19.0.0",
        "react-dom": "^19.0.0",
        "zod": "^4.3.6"
      },
      "peerDependenciesMeta": {
        "@testing-library/react": {
          "optional": true
        },
        "@types/better-sqlite3": {
          "optional": true
        },
        "@types/react": {
          "optional": true
        },
        "better-sqlite3": {
          "optional": true
        },
        "cron-parser": {
          "optional": true
        },
        "hono": {
          "optional": true
        },
        "react": {
          "optional": true
        },
        "react-dom": {
          "optional": true
        },
        "zod": {
          "optional": true
        }
      }
    },
    "node_modules/@types/node": {
      "version": "22.20.1",
      "resolved": "https://registry.npmjs.org/@types/node/-/node-22.20.1.tgz",
      "integrity": "sha512-EANqOCF9QFyra+4pfxUcX9STKJpCLjMbObVzljIJomAWSnuSIEAvyzEU53GaajbXJEgdh0iEcPL+DGvpUd4k1Q==",
      "dev": true,
      "license": "MIT",
      "dependencies": {
        "undici-types": "~6.21.0"
      }
    },
    "node_modules/typescript": {
      "version": "5.9.3",
      "resolved": "https://registry.npmjs.org/typescript/-/typescript-5.9.3.tgz",
      "integrity": "sha512-jl1vZzPDinLr9eUt3J/t7V6FgNEw9QjvBPdysz9KfQDD41fQrC2Y4vKQdiaUpFT4bXlb1RHhLpp8wtm6M5TgSw==",
      "dev": true,
      "license": "Apache-2.0",
      "bin": {
        "tsc": "bin/tsc",
        "tsserver": "bin/tsserver"
      },
      "engines": {
        "node": ">=14.17"
      }
    },
    "node_modules/undici-types": {
      "version": "6.21.0",
      "resolved": "https://registry.npmjs.org/undici-types/-/undici-types-6.21.0.tgz",
      "integrity": "sha512-iwDZqg0QAGrg9Rav5H4n0M64c3mkR59cJ6wQp+7C4nI0gsmExaedaYLNO44eT4AtBBwjbTiGPMlt2Md0T9H9JQ==",
      "dev": true,
      "license": "MIT"
    },
    "node_modules/zod": {
      "version": "4.5.2",
      "resolved": "https://registry.npmjs.org/zod/-/zod-4.5.2.tgz",
      "integrity": "sha512-XkYXCol10+ba/6F/cueWV+TezUeOqXW0hdeJt5CdXjTYeAgAQg5N03RQdJ80mhfFE72+pblvYMW4wy2Qp4Qbrg==",
      "license": "MIT",
      "funding": {
        "url": "https://github.com/sponsors/colinhacks"
      }
    }
  }
}
